{
  "name": "@sanity/browserslist-config",
  "version": "1.0.5",
  "lockfileVersion": 3,
  "requires": true,
  "packages": {
    "": {
      "name": "@sanity/browserslist-config",
      "version": "1.0.5",
      "license": "MIT",
      "devDependencies": {
        "@sanity/prettier-config": "^2.0.3",
        "browserslist": "^4.28.9",
        "browserslist-lint": "^0.4.0",
        "prettier": "^3.9.6"
      }
    },
    "node_modules/@emnapi/core": {
      "version": "1.9.2",
      "resolved": "https://registry.npmjs.org/@emnapi/core/-/core-1.9.2.tgz",
      "integrity": "sha512-UC+ZhH3XtczQYfOlu3lNEkdW/p4dsJ1r/bP7H8+rhao3TTTMO1ATq/4DdIi23XuGoFY+Cz0JmCbdVl0hz9jZcA==",
      "dev": true,
      "license": "MIT",
      "optional": true,
      "dependencies": {
        "@emnapi/wasi-threads": "1.2.1",
        "tslib": "^2.4.0"
      }
    },
    "node_modules/@emnapi/runtime": {
      "version": "1.9.2",
      "resolved": "https://registry.npmjs.org/@emnapi/runtime/-/runtime-1.9.2.tgz",
      "integrity": "sha512-3U4+MIWHImeyu1wnmVygh5WlgfYDtyf0k8AbLhMFxOipihf6nrWC4syIm/SwEeec0mNSafiiNnMJwbza/Is6Lw==",
      "dev": true,
      "license": "MIT",
      "optional": true,
      "dependencies": {
        "tslib": "^2.4.0"
      }
    },
    "node_modules/@emnapi/wasi-threads": {
      "version": "1.2.1",
      "resolved": "https://registry.npmjs.org/@emnapi/wasi-threads/-/wasi-threads-1.2.1.tgz",
      "integrity": "sha512-uTII7OYF+/Mes/MrcIOYp5yOtSMLBWSIoLPpcgwipoiKbli6k322tcoFsxoIIxPDqW01SQGAgko4EzZi2BNv2w==",
      "dev": true,
      "license": "MIT",
      "optional": true,
      "dependencies": {
        "tslib": "^2.4.0"
      }
    },
    "node_modules/@napi-rs/wasm-runtime": {
      "version": "1.2.4",
      "resolved": "https://registry.npmjs.org/@napi-rs/wasm-runtime/-/wasm-runtime-1.2.4.tgz",
      "integrity": "sha512-AJxoUD2/15ESHbvpcyjU274nsAPLuOtPHCk0vKJM5pj//Fg/B1FXNWjPnXTT9PymCYYiHo4zPj0ZomXBKhoy7g==",
      "dev": true,
      "license": "MIT",
      "optional": true,
      "dependencies": {
        "@tybys/wasm-util": "^0.10.3"
      },
      "engines": {
        "node": "^20.19.0 || ^22.13.0 || >=23.5.0"
      },
      "funding": {
        "type": "github",
        "url": "https://github.com/sponsors/Brooooooklyn"
      },
      "peerDependencies": {
        "@emnapi/core": "^1.7.1 || ^2.0.0-alpha.4",
        "@emnapi/runtime": "^1.7.1 || ^2.0.0-alpha.4"
      }
    },
    "node_modules/@oxc-parser/binding-android-arm-eabi": {
      "version": "0.125.0",
      "resolved": "https://registry.npmjs.org/@oxc-parser/binding-android-arm-eabi/-/binding-android-arm-eabi-0.125.0.tgz",
      "integrity": "sha512-YfHwPEH8c5XNOlffaAqhsChNOBgmJ7rEgVbxSwAr65KDR0wbpZUBkrSaCClYL4urf0LmwyULrahHMvFAyk/dwA==",
      "cpu": [
        "arm"
      ],
      "dev": true,
      "license": "MIT",
      "optional": true,
      "os": [
        "android"
      ],
      "engines": {
        "node": "^20.19.0 || >=22.12.0"
      }
    },
    "node_modules/@oxc-parser/binding-android-arm64": {
      "version": "0.125.0",
      "resolved": "https://registry.npmjs.org/@oxc-parser/binding-android-arm64/-/binding-android-arm64-0.125.0.tgz",
      "integrity": "sha512-rh72O8ackqp0HC+3W38oCTkCFmOpXrHRrbP+4xrX8O1UmCWcyb5pIbA/+0ATPGVVl9NcHt/CgqI8rBuw4Y9kMg==",
      "cpu": [
        "arm64"
      ],
      "dev": true,
      "license": "MIT",
      "optional": true,
      "os": [
        "android"
      ],
      "engines": {
        "node": "^20.19.0 || >=22.12.0"
      }
    },
    "node_modules/@oxc-parser/binding-darwin-arm64": {
      "version": "0.125.0",
      "resolved": "https://registry.npmjs.org/@oxc-parser/binding-darwin-arm64/-/binding-darwin-arm64-0.125.0.tgz",
      "integrity": "sha512-14Q74TMQA/eO0N5dz5Tel25qma9vVJEpmrmqXnx0R7jMXhqFxkSSy40NOtCQijWUfeD5ho5+NuXDl5WSxyifJQ==",
      "cpu": [
        "arm64"
      ],
      "dev": true,
      "license": "MIT",
      "optional": true,
      "os": [
        "darwin"
      ],
      "engines": {
        "node": "^20.19.0 || >=22.12.0"
      }
    },
    "node_modules/@oxc-parser/binding-darwin-x64": {
      "version": "0.125.0",
      "resolved": "https://registry.npmjs.org/@oxc-parser/binding-darwin-x64/-/binding-darwin-x64-0.125.0.tgz",
      "integrity": "sha512-qWQDphAaIS6qXeuYcWm4jta8qFZpjjim2WxiPwZmHi77COS8i0Jct8tBcNIOZ/JaVh+hCL2it228m2Lr9GOL6A==",
      "cpu": [
        "x64"
      ],
      "dev": true,
      "license": "MIT",
      "optional": true,
      "os": [
        "darwin"
      ],
      "engines": {
        "node": "^20.19.0 || >=22.12.0"
      }
    },
    "node_modules/@oxc-parser/binding-freebsd-x64": {
      "version": "0.125.0",
      "resolved": "https://registry.npmjs.org/@oxc-parser/binding-freebsd-x64/-/binding-freebsd-x64-0.125.0.tgz",
      "integrity": "sha512-PTATC/j2MvDP8lejoCC7PFWNoYV2NsVzzM0WgBqZDFAkFdKsW0wfbQWochfY3fHNUN1QhZNetrd/K4Pdo6cIHQ==",
      "cpu": [
        "x64"
      ],
      "dev": true,
      "license": "MIT",
      "optional": true,
      "os": [
        "freebsd"
      ],
      "engines": {
        "node": "^20.19.0 || >=22.12.0"
      }
    },
    "node_modules/@oxc-parser/binding-linux-arm-gnueabihf": {
      "version": "0.125.0",
      "resolved": "https://registry.npmjs.org/@oxc-parser/binding-linux-arm-gnueabihf/-/binding-linux-arm-gnueabihf-0.125.0.tgz",
      "integrity": "sha512-Colj5agHBAMKZrkyPcCEelfKuh8sNi1lWpJf1TiEeEmbREQ6I2ytG+ccfdDaiUV7Z0Vw5FyJbnqEPgHo8kF3RQ==",
      "cpu": [
        "arm"
      ],
      "dev": true,
      "license": "MIT",
      "optional": true,
      "os": [
        "linux"
      ],
      "engines": {
        "node": "^20.19.0 || >=22.12.0"
      }
    },
    "node_modules/@oxc-parser/binding-linux-arm-musleabihf": {
      "version": "0.125.0",
      "resolved": "https://registry.npmjs.org/@oxc-parser/binding-linux-arm-musleabihf/-/binding-linux-arm-musleabihf-0.125.0.tgz",
      "integrity": "sha512-BxQ8o082+/qtjAFK6WUV+/bi0y3M0RPvPQNm8JSY7/7LfhbWq6NykgZiGayrtauO1nowpmGlnpJXXMp9q0oT1A==",
      "cpu": [
        "arm"
      ],
      "dev": true,
      "license": "MIT",
      "optional": true,
      "os": [
        "linux"
      ],
      "engines": {
        "node": "^20.19.0 || >=22.12.0"
      }
    },
    "node_modules/@oxc-parser/binding-linux-arm64-gnu": {
      "version": "0.125.0",
      "resolved": "https://registry.npmjs.org/@oxc-parser/binding-linux-arm64-gnu/-/binding-linux-arm64-gnu-0.125.0.tgz",
      "integrity": "sha512-qR0dOth+4whygUwoNnfews8jMC78gjhIBfcy9AFzvxoh7PFGdferRp3KV/4kkeaVk2kOS/5grlAeJevpA+/Pfg==",
      "cpu": [
        "arm64"
      ],
      "dev": true,
      "libc": [
        "glibc"
      ],
      "license": "MIT",
      "optional": true,
      "os": [
        "linux"
      ],
      "engines": {
        "node": "^20.19.0 || >=22.12.0"
      }
    },
    "node_modules/@oxc-parser/binding-linux-arm64-musl": {
      "version": "0.125.0",
      "resolved": "https://registry.npmjs.org/@oxc-parser/binding-linux-arm64-musl/-/binding-linux-arm64-musl-0.125.0.tgz",
      "integrity": "sha512-eIXyzpA12/+maKjMSsXdHfpzwQcoRfzokT+/ZhVEo6u/9RcXQrZZmZ70MmmJqwVcLez6U4ScjB/eiYlsEs7p0g==",
      "cpu": [
        "arm64"
      ],
      "dev": true,
      "libc": [
        "musl"
      ],
      "license": "MIT",
      "optional": true,
      "os": [
        "linux"
      ],
      "engines": {
        "node": "^20.19.0 || >=22.12.0"
      }
    },
    "node_modules/@oxc-parser/binding-linux-ppc64-gnu": {
      "version": "0.125.0",
      "resolved": "https://registry.npmjs.org/@oxc-parser/binding-linux-ppc64-gnu/-/binding-linux-ppc64-gnu-0.125.0.tgz",
      "integrity": "sha512-w7ir5OuqSJUKLadmsSAWwTNso/ZGem2bPT/1LSU7l+ecmKPyegIvU+wzY0ADhZ/t/goaedqyp24SDRxyLxO9zg==",
      "cpu": [
        "ppc64"
      ],
      "dev": true,
      "libc": [
        "glibc"
      ],
      "license": "MIT",
      "optional": true,
      "os": [
        "linux"
      ],
      "engines": {
        "node": "^20.19.0 || >=22.12.0"
      }
    },
    "node_modules/@oxc-parser/binding-linux-riscv64-gnu": {
      "version": "0.125.0",
      "resolved": "https://registry.npmjs.org/@oxc-parser/binding-linux-riscv64-gnu/-/binding-linux-riscv64-gnu-0.125.0.tgz",
      "integrity": "sha512-2KPTfWorcW8RNE8aEMHKbPSjHDBjFVYqg8nSLRBp7pe7VBqHsmkO9jpK8YmaYA5d5GcUy+J++5O4EgxkrQBEtw==",
      "cpu": [
        "riscv64"
      ],
      "dev": true,
      "libc": [
        "glibc"
      ],
      "license": "MIT",
      "optional": true,
      "os": [
        "linux"
      ],
      "engines": {
        "node": "^20.19.0 || >=22.12.0"
      }
    },
    "node_modules/@oxc-parser/binding-linux-riscv64-musl": {
      "version": "0.125.0",
      "resolved": "https://registry.npmjs.org/@oxc-parser/binding-linux-riscv64-musl/-/binding-linux-riscv64-musl-0.125.0.tgz",
      "integrity": "sha512-Vsl8dmQdKtDsQiDPHP5VFjXOuVGcZQcziYMkU/yPnlaKHMqoX/q+bxt7K+BwResi9Cc8pnZ6oYGTgPcjAtt5QQ==",
      "cpu": [
        "riscv64"
      ],
      "dev": true,
      "libc": [
        "musl"
      ],
      "license": "MIT",
      "optional": true,
      "os": [
        "linux"
      ],
      "engines": {
        "node": "^20.19.0 || >=22.12.0"
      }
    },
    "node_modules/@oxc-parser/binding-linux-s390x-gnu": {
      "version": "0.125.0",
      "resolved": "https://registry.npmjs.org/@oxc-parser/binding-linux-s390x-gnu/-/binding-linux-s390x-gnu-0.125.0.tgz",
      "integrity": "sha512-HwY5kuM818r/kHdHG2TZqzqxyF7fz90prPg85R/2VmgRWk8cMyGZo+8BNZDQAMJ6aGSTRvn2sdGXv3sZ5bsUWw==",
      "cpu": [
        "s390x"
      ],
      "dev": true,
      "libc": [
        "glibc"
      ],
      "license": "MIT",
      "optional": true,
      "os": [
        "linux"
      ],
      "engines": {
        "node": "^20.19.0 || >=22.12.0"
      }
    },
    "node_modules/@oxc-parser/binding-linux-x64-gnu": {
      "version": "0.125.0",
      "resolved": "https://registry.npmjs.org/@oxc-parser/binding-linux-x64-gnu/-/binding-linux-x64-gnu-0.125.0.tgz",
      "integrity": "sha512-o7k6+xAI2pIkjBsCqM0elI4q+qY/3TexH6cpIlGm+nJze1tvx7QEHCKdiy6wnRacFvUYmySEZ5hWFBc9MbxrIA==",
      "cpu": [
        "x64"
      ],
      "dev": true,
      "libc": [
        "glibc"
      ],
      "license": "MIT",
      "optional": true,
      "os": [
        "linux"
      ],
      "engines": {
        "node": "^20.19.0 || >=22.12.0"
      }
    },
    "node_modules/@oxc-parser/binding-linux-x64-musl": {
      "version": "0.125.0",
      "resolved": "https://registry.npmjs.org/@oxc-parser/binding-linux-x64-musl/-/binding-linux-x64-musl-0.125.0.tgz",
      "integrity": "sha512-vksRynFD6vytE1sDZCaeIk6y6rCsq0a18T4kcXbfGHBq2q/qSyDogWLk3A3S3hl/ikNfse7yrEwAuQ8ldIJeAg==",
      "cpu": [
        "x64"
      ],
      "dev": true,
      "libc": [
        "musl"
      ],
      "license": "MIT",
      "optional": true,
      "os": [
        "linux"
      ],
      "engines": {
        "node": "^20.19.0 || >=22.12.0"
      }
    },
    "node_modules/@oxc-parser/binding-openharmony-arm64": {
      "version": "0.125.0",
      "resolved": "https://registry.npmjs.org/@oxc-parser/binding-openharmony-arm64/-/binding-openharmony-arm64-0.125.0.tgz",
      "integrity": "sha512-AAtg4pnKvrKsay2ldZZRY98ALFBOgbyy3Gyxo658z6aecM0Zr5mI9BOHRCchSVKUHqMqmjhCA4wIdZvz02VrAw==",
      "cpu": [
        "arm64"
      ],
      "dev": true,
      "license": "MIT",
      "optional": true,
      "os": [
        "openharmony"
      ],
      "engines": {
        "node": "^20.19.0 || >=22.12.0"
      }
    },
    "node_modules/@oxc-parser/binding-wasm32-wasi": {
      "version": "0.125.0",
      "resolved": "https://registry.npmjs.org/@oxc-parser/binding-wasm32-wasi/-/binding-wasm32-wasi-0.125.0.tgz",
      "integrity": "sha512-FkIQFrwlBXoFsazb9NQpQPP4YI9sWWXUOLkIPYlQb+hPwr+VY6d0B7l26yMBR2ktf2h3qyAMOW6Pd+mX9rtOJg==",
      "cpu": [
        "wasm32"
      ],
      "dev": true,
      "license": "MIT",
      "optional": true,
      "dependencies": {
        "@emnapi/core": "1.9.2",
        "@emnapi/runtime": "1.9.2",
        "@napi-rs/wasm-runtime": "^1.1.3"
      },
      "engines": {
        "node": ">=14.0.0"
      }
    },
    "node_modules/@oxc-parser/binding-win32-arm64-msvc": {
      "version": "0.125.0",
      "resolved": "https://registry.npmjs.org/@oxc-parser/binding-win32-arm64-msvc/-/binding-win32-arm64-msvc-0.125.0.tgz",
      "integrity": "sha512-bi4RY9oktNm3kQ3qRCJgBKtwqSg+mtnt5W9l33rdiTyiXlL8a1LQQy1x7aym/ArHDE+19kSWSr2YDd2ExxzbfQ==",
      "cpu": [
        "arm64"
      ],
      "dev": true,
      "license": "MIT",
      "optional": true,
      "os": [
        "win32"
      ],
      "engines": {
        "node": "^20.19.0 || >=22.12.0"
      }
    },
    "node_modules/@oxc-parser/binding-win32-ia32-msvc": {
      "version": "0.125.0",
      "resolved": "https://registry.npmjs.org/@oxc-parser/binding-win32-ia32-msvc/-/binding-win32-ia32-msvc-0.125.0.tgz",
      "integrity": "sha512-ZhvL2vK+9rzjk1US2d2u6NeI1/jtkzsm//ilFac+Kn3klTpJJlKNZwF23CUiAu+B3rdQUbPItm/BHlL6f/5uPA==",
      "cpu": [
        "ia32"
      ],
      "dev": true,
      "license": "MIT",
      "optional": true,
      "os": [
        "win32"
      ],
      "engines": {
        "node": "^20.19.0 || >=22.12.0"
      }
    },
    "node_modules/@oxc-parser/binding-win32-x64-msvc": {
      "version": "0.125.0",
      "resolved": "https://registry.npmjs.org/@oxc-parser/binding-win32-x64-msvc/-/binding-win32-x64-msvc-0.125.0.tgz",
      "integrity": "sha512-P4ywUSCYIg44Y82wF3e0ns1BV1dNn+ZhfjNDwm0FTPtBKXedOCRPrvmjXn7Qb+IDGGHAA68lmDLCjGxuKUwXPw==",
      "cpu": [
        "x64"
      ],
      "dev": true,
      "license": "MIT",
      "optional": true,
      "os": [
        "win32"
      ],
      "engines": {
        "node": "^20.19.0 || >=22.12.0"
      }
    },
    "node_modules/@oxc-project/types": {
      "version": "0.125.0",
      "resolved": "https://registry.npmjs.org/@oxc-project/types/-/types-0.125.0.tgz",
      "integrity": "sha512-s9RKLJbRR+3kEFB3mmJVPWah3cZUAl0Jzmthx6Pb/QXnlNkRwTP75tK4uVahp/ifiiTmNYMXI1+NnGP1rNurXg==",
      "dev": true,
      "license": "MIT",
      "funding": {
        "url": "https://github.com/sponsors/Boshen"
      }
    },
    "node_modules/@prettier/plugin-oxc": {
      "version": "0.1.4",
      "resolved": "https://registry.npmjs.org/@prettier/plugin-oxc/-/plugin-oxc-0.1.4.tgz",
      "integrity": "sha512-P/KX37tuR1R7xMHMakgzdWsRDMeze7SkwUcGQKbqQVSsJLW0q5kxax2dxEJgK4E4zIoMy7pG6UUE7x4al8AQeg==",
      "dev": true,
      "license": "MIT",
      "dependencies": {
        "oxc-parser": "0.125.0"
      },
      "engines": {
        "node": ">=14"
      },
      "funding": {
        "url": "https://github.com/prettier/prettier?sponsor=1"
      }
    },
    "node_modules/@sanity/prettier-config": {
      "version": "2.0.3",
      "resolved": "https://registry.npmjs.org/@sanity/prettier-config/-/prettier-config-2.0.3.tgz",
      "integrity": "sha512-ceKl07z8S0eHh5tcSDAZBjW1OdrYM841xO+46XZ2+ZRex6s9jbzibeupOcaHgPjGwInmqaK8NCRhzPDo2VBgYA==",
      "dev": true,
      "license": "MIT",
      "dependencies": {
        "@prettier/plugin-oxc": "^0.1.2",
        "prettier-plugin-packagejson": "^2.5.20"
      },
      "peerDependencies": {
        "prettier": "^3.7.0"
      }
    },
    "node_modules/@tybys/wasm-util": {
      "version": "0.10.3",
      "resolved": "https://registry.npmjs.org/@tybys/wasm-util/-/wasm-util-0.10.3.tgz",
      "integrity": "sha512-F3fo1MYrRJYL3zER0OUOmkutjr1Vp23m7OsSgp7nq4SP6OqX6C/56XFIPAl5bt3zaBRjmW7SGz3u/6LwFpYcOg==",
      "dev": true,
      "license": "MIT",
      "optional": true,
      "dependencies": {
        "tslib": "^2.4.0"
      }
    },
    "node_modules/baseline-browser-mapping": {
      "version": "2.11.22",
      "resolved": "https://registry.npmjs.org/baseline-browser-mapping/-/baseline-browser-mapping-2.11.22.tgz",
      "integrity": "sha512-pWc4w51fBFd7mav43/zKRC+RI6f4yfzQoVlfvE8dECePyfkn1bzLp01Fj0QACcyCZyFhiEMyD2qScfKRWgWibA==",
      "dev": true,
      "license": "Apache-2.0",
      "bin": {
        "baseline-browser-mapping": "dist/cli.cjs"
      },
      "engines": {
        "node": ">=6.0.0"
      }
    },
    "node_modules/browserslist": {
      "version": "4.28.9",
      "resolved": "https://registry.npmjs.org/browserslist/-/browserslist-4.28.9.tgz",
      "integrity": "sha512-EWazOblFYUvlGZcfGhPUPmYh3nikUxBVb+y9MJun5f3hBi812X+8MSQTujLBtgK3cf51fJWbWfOjyeO954d+Eg==",
      "dev": true,
      "funding": [
        {
          "type": "opencollective",
          "url": "https://opencollective.com/browserslist"
        },
        {
          "type": "tidelift",
          "url": "https://tidelift.com/funding/github/npm/browserslist"
        },
        {
          "type": "github",
          "url": "https://github.com/sponsors/ai"
        }
      ],
      "license": "MIT",
      "dependencies": {
        "baseline-browser-mapping": "^2.11.20",
        "caniuse-lite": "^1.0.30001810",
        "electron-to-chromium": "^1.5.420",
        "node-releases": "^2.0.54",
        "update-browserslist-db": "^1.3.2"
      },
      "bin": {
        "browserslist": "cli.js"
      },
      "engines": {
        "node": "^6 || ^7 || ^8 || ^9 || ^10 || ^11 || ^12 || >=13.7"
      }
    },
    "node_modules/browserslist-lint": {
      "version": "0.4.0",
      "resolved": "https://registry.npmjs.org/browserslist-lint/-/browserslist-lint-0.4.0.tgz",
      "integrity": "sha512-cxCb8cPLvywT4mF8tDWN0hIetR/BmQpk13Zw0+sDI0i7NfxL6cnmcdmBE9Ml6pggkWzrev1NH97LwkW0BxDgAQ==",
      "dev": true,
      "funding": [
        {
          "type": "opencollective",
          "url": "https://opencollective.com/browserslist"
        },
        {
          "type": "tidelift",
          "url": "https://tidelift.com/funding/github/npm/browserslist"
        },
        {
          "type": "github",
          "url": "https://github.com/sponsors/ai"
        }
      ],
      "license": "MIT",
      "dependencies": {
        "browserslist": "^4.28.1",
        "picocolors": "^1.1.1"
      },
      "bin": {
        "browserslist-lint": "cli.js"
      }
    },
    "node_modules/caniuse-lite": {
      "version": "1.0.30001810",
      "resolved": "https://registry.npmjs.org/caniuse-lite/-/caniuse-lite-1.0.30001810.tgz",
      "integrity": "sha512-TITQPUkaz+aVk5GL6NhOdwk1aEaNTSDPsGFWrTuhKGtjTF70jL/Oht2W4c6rXUe5fu7Ie19VIahAXHIIiWWNeg==",
      "dev": true,
      "funding": [
        {
          "type": "opencollective",
          "url": "https://opencollective.com/browserslist"
        },
        {
          "type": "tidelift",
          "url": "https://tidelift.com/funding/github/npm/caniuse-lite"
        },
        {
          "type": "github",
          "url": "https://github.com/sponsors/ai"
        }
      ],
      "license": "CC-BY-4.0"
    },
    "node_modules/detect-indent": {
      "version": "7.0.2",
      "resolved": "https://registry.npmjs.org/detect-indent/-/detect-indent-7.0.2.tgz",
      "integrity": "sha512-y+8xyqdGLL+6sh0tVeHcfP/QDd8gUgbasolJJpY7NgeQGSZ739bDtSiaiDgtoicy+mtYB81dKLxO9xRhCyIB3A==",
      "dev": true,
      "license": "MIT",
      "engines": {
        "node": ">=12.20"
      },
      "funding": {
        "url": "https://github.com/sponsors/sindresorhus"
      }
    },
    "node_modules/detect-newline": {
      "version": "4.0.1",
      "resolved": "https://registry.npmjs.org/detect-newline/-/detect-newline-4.0.1.tgz",
      "integrity": "sha512-qE3Veg1YXzGHQhlA6jzebZN2qVf6NX+A7m7qlhCGG30dJixrAQhYOsJjsnBjJkCSmuOPpCk30145fr8FV0bzog==",
      "dev": true,
      "license": "MIT",
      "engines": {
        "node": "^12.20.0 || ^14.13.1 || >=16.0.0"
      },
      "funding": {
        "url": "https://github.com/sponsors/sindresorhus"
      }
    },
    "node_modules/electron-to-chromium": {
      "version": "1.5.427",
      "resolved": "https://registry.npmjs.org/electron-to-chromium/-/electron-to-chromium-1.5.427.tgz",
      "integrity": "sha512-n14zb3FdsChZ2BNobqNHAJMcP3ifFv4paox2LvCrfVAQcqGiSURgbJl+PfMpHVCNFkStnNc+RRVtPBTVW5PDgw==",
      "dev": true,
      "license": "ISC"
    },
    "node_modules/escalade": {
      "version": "3.2.0",
      "resolved": "https://registry.npmjs.org/escalade/-/escalade-3.2.0.tgz",
      "integrity": "sha512-WUj2qlxaQtO4g6Pq5c29GTcWGDyd8itL8zTlipgECz3JesAiiOKotd8JU6otB3PACgG6xkJUyVhboMS+bje/jA==",
      "dev": true,
      "license": "MIT",
      "engines": {
        "node": ">=6"
      }
    },
    "node_modules/fdir": {
      "version": "6.5.0",
      "resolved": "https://registry.npmjs.org/fdir/-/fdir-6.5.0.tgz",
      "integrity": "sha512-tIbYtZbucOs0BRGqPJkshJUYdL+SDH7dVM8gjy+ERp3WAUjLEFJE+02kanyHtwjWOnwrKYBiwAmM0p4kLJAnXg==",
      "dev": true,
      "license": "MIT",
      "engines": {
        "node": ">=12.0.0"
      },
      "peerDependencies": {
        "picomatch": "^3 || ^4"
      },
      "peerDependenciesMeta": {
        "picomatch": {
          "optional": true
        }
      }
    },
    "node_modules/git-hooks-list": {
      "version": "4.2.1",
      "resolved": "https://registry.npmjs.org/git-hooks-list/-/git-hooks-list-4.2.1.tgz",
      "integrity": "sha512-WNvqJjOxxs/8ZP9+DWdwWJ7cDsd60NHf39XnD82pDVrKO5q7xfPqpkK6hwEAmBa/ZSEE4IOoR75EzbbIuwGlMw==",
      "dev": true,
      "license": "MIT",
      "funding": {
        "url": "https://github.com/fisker/git-hooks-list?sponsor=1"
      }
    },
    "node_modules/is-plain-obj": {
      "version": "4.1.0",
      "resolved": "https://registry.npmjs.org/is-plain-obj/-/is-plain-obj-4.1.0.tgz",
      "integrity": "sha512-+Pgi+vMuUNkJyExiMBt5IlFoMyKnr5zhJ4Uspz58WOhBF5QoIZkFyNHIbBAtHwzVAgk5RtndVNsDRN61/mmDqg==",
      "dev": true,
      "license": "MIT",
      "engines": {
        "node": ">=12"
      },
      "funding": {
        "url": "https://github.com/sponsors/sindresorhus"
      }
    },
    "node_modules/node-releases": {
      "version": "2.0.55",
      "resolved": "https://registry.npmjs.org/node-releases/-/node-releases-2.0.55.tgz",
      "integrity": "sha512-mIrE/Cw9y+9Au6dS5vDKDhQza9YvG6w+ZrS6X+ZzA7yFW/soAeaups4Qzn1bL6g5FVy8WtP79+0j82oPIbqRjQ==",
      "dev": true,
      "license": "MIT",
      "engines": {
        "node": ">=18"
      }
    },
    "node_modules/oxc-parser": {
      "version": "0.125.0",
      "resolved": "https://registry.npmjs.org/oxc-parser/-/oxc-parser-0.125.0.tgz",
      "integrity": "sha512-6M0gEDDVMGGy+Ckg/mlLh4PL87sfKRMlkQJTVTxdcEREwDa4usWjM9n4jC6Jxa5+nc3YlZTecUs4hHjoTVWKaw==",
      "dev": true,
      "license": "MIT",
      "dependencies": {
        "@oxc-project/types": "^0.125.0"
      },
      "engines": {
        "node": "^20.19.0 || >=22.12.0"
      },
      "funding": {
        "url": "https://github.com/sponsors/Boshen"
      },
      "optionalDependencies": {
        "@oxc-parser/binding-android-arm-eabi": "0.125.0",
        "@oxc-parser/binding-android-arm64": "0.125.0",
        "@oxc-parser/binding-darwin-arm64": "0.125.0",
        "@oxc-parser/binding-darwin-x64": "0.125.0",
        "@oxc-parser/binding-freebsd-x64": "0.125.0",
        "@oxc-parser/binding-linux-arm-gnueabihf": "0.125.0",
        "@oxc-parser/binding-linux-arm-musleabihf": "0.125.0",
        "@oxc-parser/binding-linux-arm64-gnu": "0.125.0",
        "@oxc-parser/binding-linux-arm64-musl": "0.125.0",
        "@oxc-parser/binding-linux-ppc64-gnu": "0.125.0",
        "@oxc-parser/binding-linux-riscv64-gnu": "0.125.0",
        "@oxc-parser/binding-linux-riscv64-musl": "0.125.0",
        "@oxc-parser/binding-linux-s390x-gnu": "0.125.0",
        "@oxc-parser/binding-linux-x64-gnu": "0.125.0",
        "@oxc-parser/binding-linux-x64-musl": "0.125.0",
        "@oxc-parser/binding-openharmony-arm64": "0.125.0",
        "@oxc-parser/binding-wasm32-wasi": "0.125.0",
        "@oxc-parser/binding-win32-arm64-msvc": "0.125.0",
        "@oxc-parser/binding-win32-ia32-msvc": "0.125.0",
        "@oxc-parser/binding-win32-x64-msvc": "0.125.0"
      }
    },
    "node_modules/picocolors": {
      "version": "1.1.1",
      "resolved": "https://registry.npmjs.org/picocolors/-/picocolors-1.1.1.tgz",
      "integrity": "sha512-xceH2snhtb5M9liqDsmEw56le376mTZkEX/jEb/RxNFyegNul7eNslCXP9FDj/Lcu0X8KEyMceP2ntpaHrDEVA==",
      "dev": true,
      "license": "ISC"
    },
    "node_modules/picomatch": {
      "version": "4.0.7",
      "resolved": "https://registry.npmjs.org/picomatch/-/picomatch-4.0.7.tgz",
      "integrity": "sha512-qcJu88Q2IWqJsDD529JKMdwGm/dvInW4HvQnRwiH9JtihJvzGOscDtHE3x1pBKeUOTysQ8kVmLnJ2kJu7yhcGA==",
      "dev": true,
      "license": "MIT",
      "engines": {
        "node": ">=12"
      },
      "funding": {
        "url": "https://github.com/sponsors/jonschlinkert"
      }
    },
    "node_modules/prettier": {
      "version": "3.9.6",
      "resolved": "https://registry.npmjs.org/prettier/-/prettier-3.9.6.tgz",
      "integrity": "sha512-OpN0zzVdiaiAhxpuuj5efpIS4sY9j7bY6uR5mnj5yPzGkdkjNKSJeUThPb60Jw29QuAZgA4o+/iB49kFiaBX6g==",
      "dev": true,
      "license": "MIT",
      "bin": {
        "prettier": "bin/prettier.cjs"
      },
      "engines": {
        "node": ">=14"
      },
      "funding": {
        "url": "https://github.com/prettier/prettier?sponsor=1"
      }
    },
    "node_modules/prettier-plugin-packagejson": {
      "version": "2.5.22",
      "resolved": "https://registry.npmjs.org/prettier-plugin-packagejson/-/prettier-plugin-packagejson-2.5.22.tgz",
      "integrity": "sha512-G6WalmoUssKF8ZXkni0+n4324K+gG143KPysSQNW+FrR0XyNb3BdRxchGC/Q1FE/F702p7/6KU7r4mv0WSWbzA==",
      "dev": true,
      "license": "MIT",
      "dependencies": {
        "sort-package-json": "3.6.0"
      },
      "peerDependencies": {
        "prettier": ">= 1.16.0"
      },
      "peerDependenciesMeta": {
        "prettier": {
          "optional": true
        }
      }
    },
    "node_modules/semver": {
      "version": "7.8.5",
      "resolved": "https://registry.npmjs.org/semver/-/semver-7.8.5.tgz",
      "integrity": "sha512-Y7/KDsb8LjooZpwaqGyulO6DQlksgCncchHGk+sZIY4SBvUocMBEFH5Ur1fI4dV+Jvl0w6cjvucaIi40puRioA==",
      "dev": true,
      "license": "ISC",
      "bin": {
        "semver": "bin/semver.js"
      },
      "engines": {
        "node": ">=10"
      }
    },
    "node_modules/sort-object-keys": {
      "version": "2.1.0",
      "resolved": "https://registry.npmjs.org/sort-object-keys/-/sort-object-keys-2.1.0.tgz",
      "integrity": "sha512-SOiEnthkJKPv2L6ec6HMwhUcN0/lppkeYuN1x63PbyPRrgSPIuBJCiYxYyvWRTtjMlOi14vQUCGUJqS6PLVm8g==",
      "dev": true,
      "license": "MIT"
    },
    "node_modules/sort-package-json": {
      "version": "3.6.0",
      "resolved": "https://registry.npmjs.org/sort-package-json/-/sort-package-json-3.6.0.tgz",
      "integrity": "sha512-fyJsPLhWvY7u2KsKPZn1PixbXp+1m7V8NWqU8CvgFRbMEX41Ffw1kD8n0CfJiGoaSfoAvbrqRRl/DcHO8omQOQ==",
      "dev": true,
      "license": "MIT",
      "dependencies": {
        "detect-indent": "^7.0.2",
        "detect-newline": "^4.0.1",
        "git-hooks-list": "^4.1.1",
        "is-plain-obj": "^4.1.0",
        "semver": "^7.7.3",
        "sort-object-keys": "^2.0.1",
        "tinyglobby": "^0.2.15"
      },
      "bin": {
        "sort-package-json": "cli.js"
      },
      "engines": {
        "node": ">=20"
      }
    },
    "node_modules/tinyglobby": {
      "version": "0.2.17",
      "resolved": "https://registry.npmjs.org/tinyglobby/-/tinyglobby-0.2.17.tgz",
      "integrity": "sha512-wXR/dYpcqKmfWpEdZjiKJOwCNFndD0DMnrW/cYjVGttEkBfVgcLFHoNrlj47mjOVic9yyNu65alsgF4NQyTa2g==",
      "dev": true,
      "license": "MIT",
      "dependencies": {
        "fdir": "^6.5.0",
        "picomatch": "^4.0.4"
      },
      "engines": {
        "node": ">=12.0.0"
      },
      "funding": {
        "url": "https://github.com/sponsors/SuperchupuDev"
      }
    },
    "node_modules/tslib": {
      "version": "2.8.1",
      "resolved": "https://registry.npmjs.org/tslib/-/tslib-2.8.1.tgz",
      "integrity": "sha512-oJFu94HQb+KVduSUQL7wnpmqnfmLsOA/nAh6b6EH0wCEoK0/mPeXU6c3wKDV83MkOuHPRHtSXKKU99IBazS/2w==",
      "dev": true,
      "license": "0BSD",
      "optional": true
    },
    "node_modules/update-browserslist-db": {
      "version": "1.3.3",
      "resolved": "https://registry.npmjs.org/update-browserslist-db/-/update-browserslist-db-1.3.3.tgz",
      "integrity": "sha512-pJ2sYawQS0R/WI928Gj5GlPhTGzbMelq0+4INtSYNDV9ErKJcX6xjGWkoG/VnB3dpUm00zALaqkrUD77pO5TDQ==",
      "dev": true,
      "funding": [
        {
          "type": "opencollective",
          "url": "https://opencollective.com/browserslist"
        },
        {
          "type": "tidelift",
          "url": "https://tidelift.com/funding/github/npm/browserslist"
        },
        {
          "type": "github",
          "url": "https://github.com/sponsors/ai"
        }
      ],
      "license": "MIT",
      "dependencies": {
        "escalade": "^3.2.0",
        "picocolors": "^1.1.1"
      },
      "bin": {
        "update-browserslist-db": "cli.js"
      },
      "peerDependencies": {
        "browserslist": ">= 4.21.0"
      }
    }
  }
}
